
Microsoft Visual Studio Solution File, Format Version 12.00
# Visual Studio Version 16
VisualStudioVersion = 16.0.30011.22
MinimumVisualStudioVersion = 10.0.40219.1
Project("{FAE04EC0-301F-11D3-BF4B-00C04F79EFBC}") = "ResourceWorkerJobsManager", "ResourceWorkerJobsManager\ResourceWorkerJobsManager.csproj", "{1E56DE87-5C00-4C02-9718-50787D9F508A}"
EndProject
Global
	GlobalSection(SolutionConfigurationPlatforms) = preSolution
		Debug|Any CPU = Debug|Any CPU
		Release|Any CPU = Release|Any CPU
	EndGlobalSection
	GlobalSection(ProjectConfigurationPlatforms) = postSolution
		{1E56DE87-5C00-4C02-9718-50787D9F508A}.Debug|Any CPU.ActiveCfg = Debug|Any CPU
		{1E56DE87-5C00-4C02-9718-50787D9F508A}.Debug|Any CPU.Build.0 = Debug|Any CPU
		{1E56DE87-5C00-4C02-9718-50787D9F508A}.Release|Any CPU.ActiveCfg = Release|Any CPU
		{1E56DE87-5C00-4C02-9718-50787D9F508A}.Release|Any CPU.Build.0 = Release|Any CPU
	EndGlobalSection
	GlobalSection(SolutionProperties) = preSolution
		HideSolutionNode = FALSE
	EndGlobalSection
	GlobalSection(ExtensibilityGlobals) = postSolution
		SolutionGuid = {40666197-1BBE-4D26-8396-75DD022E7664}
	EndGlobalSection
EndGlobal
